
Microsoft Visual Studio Solution File, Format Version 12.00
# Visual Studio Version 16
VisualStudioVersion = 16.0.30320.27
MinimumVisualStudioVersion = 10.0.40219.1
Project("{FAE04EC0-301F-11D3-BF4B-00C04F79EFBC}") = "SalesWebMVC", "SalesWebMVC\SalesWebMVC.csproj", "{40B24FF4-4782-46BD-BA9F-E8A94FC3D723}"
EndProject
Global
	GlobalSection(SolutionConfigurationPlatforms) = preSolution
		Debug|Any CPU = Debug|Any CPU
		Release|Any CPU = Release|Any CPU
	EndGlobalSection
	GlobalSection(ProjectConfigurationPlatforms) = postSolution
		{40B24FF4-4782-46BD-BA9F-E8A94FC3D723}.Debug|Any CPU.ActiveCfg = Debug|Any CPU
		{40B24FF4-4782-46BD-BA9F-E8A94FC3D723}.Debug|Any CPU.Build.0 = Debug|Any CPU
		{40B24FF4-4782-46BD-BA9F-E8A94FC3D723}.Release|Any CPU.ActiveCfg = Release|Any CPU
		{40B24FF4-4782-46BD-BA9F-E8A94FC3D723}.Release|Any CPU.Build.0 = Release|Any CPU
	EndGlobalSection
	GlobalSection(SolutionProperties) = preSolution
		HideSolutionNode = FALSE
	EndGlobalSection
	GlobalSection(ExtensibilityGlobals) = postSolution
		SolutionGuid = {772061DE-DF3A-4C2D-8D52-8F3E68AE7043}
	EndGlobalSection
EndGlobal
